
Microsoft Visual Studio Solution File, Format Version 12.00
# Visual Studio Version 16
VisualStudioVersion = 16.0.29201.188
MinimumVisualStudioVersion = 10.0.40219.1
Project("{FAE04EC0-301F-11D3-BF4B-00C04F79EFBC}") = "AeternumGenomix", "AeternumGenomix.csproj", "{29ACA460-3DD0-499E-B374-3DB4DF097F2E}"
EndProject
Global
	GlobalSection(SolutionConfigurationPlatforms) = preSolution
		Debug|Any CPU = Debug|Any CPU
		Release|Any CPU = Release|Any CPU
	EndGlobalSection
	GlobalSection(ProjectConfigurationPlatforms) = postSolution
		{29ACA460-3DD0-499E-B374-3DB4DF097F2E}.Debug|Any CPU.ActiveCfg = Debug|Any CPU
		{29ACA460-3DD0-499E-B374-3DB4DF097F2E}.Debug|Any CPU.Build.0 = Debug|Any CPU
		{29ACA460-3DD0-499E-B374-3DB4DF097F2E}.Release|Any CPU.ActiveCfg = Release|Any CPU
		{29ACA460-3DD0-499E-B374-3DB4DF097F2E}.Release|Any CPU.Build.0 = Release|Any CPU
	EndGlobalSection
	GlobalSection(SolutionProperties) = preSolution
		HideSolutionNode = FALSE
	EndGlobalSection
	GlobalSection(ExtensibilityGlobals) = postSolution
		SolutionGuid = {41E0235A-085D-412B-BB4E-0648798F6E9D}
	EndGlobalSection
EndGlobal
